// !$*UTF8*$!
{
	archiveVersion = 1;
	classes = {
	};
	objectVersion = 55;
	objects = {

/* Begin PBXBuildFile section */
		2C470BDC2894394900098694 /* ClickOnCell.swift in Sources */ = {isa = PBXBuildFile; fileRef = 2C470BDB2894394900098694 /* ClickOnCell.swift */; };
		2C5460332896C61E00133493 /* ClickOnImageInCell.swift in Sources */ = {isa = PBXBuildFile; fileRef = 2C5460322896C61E00133493 /* ClickOnImageInCell.swift */; };
		2C5460352896D04A00133493 /* ClickAndPassAnotherPage.swift in Sources */ = {isa = PBXBuildFile; fileRef = 2C5460342896D04A00133493 /* ClickAndPassAnotherPage.swift */; };
		2CBC6923289402FB0038235B /* SwiftUI_ListApp.swift in Sources */ = {isa = PBXBuildFile; fileRef = 2CBC6922289402FB0038235B /* SwiftUI_ListApp.swift */; };
		2CBC6925289402FB0038235B /* ContentView.swift in Sources */ = {isa = PBXBuildFile; fileRef = 2CBC6924289402FB0038235B /* ContentView.swift */; };
		2CBC6927289402FF0038235B /* Assets.xcassets in Resources */ = {isa = PBXBuildFile; fileRef = 2CBC6926289402FF0038235B /* Assets.xcassets */; };
		2CBC692A289402FF0038235B /* Preview Assets.xcassets in Resources */ = {isa = PBXBuildFile; fileRef = 2CBC6929289402FF0038235B /* Preview Assets.xcassets */; };
		2CBC6931289403910038235B /* Static List.swift in Sources */ = {isa = PBXBuildFile; fileRef = 2CBC6930289403910038235B /* Static List.swift */; };
		2CBC69332894124E0038235B /* DynamicListView.swift in Sources */ = {isa = PBXBuildFile; fileRef = 2CBC69322894124E0038235B /* DynamicListView.swift */; };
		2CBC693528941FFC0038235B /* ListWithAction.swift in Sources */ = {isa = PBXBuildFile; fileRef = 2CBC693428941FFC0038235B /* ListWithAction.swift */; };
		2CD3D7CE28A449C8002A2178 /* ListWithTwoSections.swift in Sources */ = {isa = PBXBuildFile; fileRef = 2CD3D7CD28A449C8002A2178 /* ListWithTwoSections.swift */; };
/* End PBXBuildFile section */

/* Begin PBXFileReference section */
		2C470BDB2894394900098694 /* ClickOnCell.swift */ = {isa = PBXFileReference; lastKnownFileType = sourcecode.swift; path = ClickOnCell.swift; sourceTree = "<group>"; };
		2C5460322896C61E00133493 /* ClickOnImageInCell.swift */ = {isa = PBXFileReference; lastKnownFileType = sourcecode.swift; path = ClickOnImageInCell.swift; sourceTree = "<group>"; };
		2C5460342896D04A00133493 /* ClickAndPassAnotherPage.swift */ = {isa = PBXFileReference; lastKnownFileType = sourcecode.swift; path = ClickAndPassAnotherPage.swift; sourceTree = "<group>"; };
		2CBC691F289402FB0038235B /* SwiftUI-List.app */ = {isa = PBXFileReference; explicitFileType = wrapper.application; includeInIndex = 0; path = "SwiftUI-List.app"; sourceTree = BUILT_PRODUCTS_DIR; };
		2CBC6922289402FB0038235B /* SwiftUI_ListApp.swift */ = {isa = PBXFileReference; lastKnownFileType = sourcecode.swift; path = SwiftUI_ListApp.swift; sourceTree = "<group>"; };
		2CBC6924289402FB0038235B /* ContentView.swift */ = {isa = PBXFileReference; lastKnownFileType = sourcecode.swift; path = ContentView.swift; sourceTree = "<group>"; };
		2CBC6926289402FF0038235B /* Assets.xcassets */ = {isa = PBXFileReference; lastKnownFileType = folder.assetcatalog; path = Assets.xcassets; sourceTree = "<group>"; };
		2CBC6929289402FF0038235B /* Preview Assets.xcassets */ = {isa = PBXFileReference; lastKnownFileType = folder.assetcatalog; path = "Preview Assets.xcassets"; sourceTree = "<group>"; };
		2CBC6930289403910038235B /* Static List.swift */ = {isa = PBXFileReference; lastKnownFileType = sourcecode.swift; path = "Static List.swift"; sourceTree = "<group>"; };
		2CBC69322894124E0038235B /* DynamicListView.swift */ = {isa = PBXFileReference; lastKnownFileType = sourcecode.swift; path = DynamicListView.swift; sourceTree = "<group>"; };
		2CBC693428941FFC0038235B /* ListWithAction.swift */ = {isa = PBXFileReference; lastKnownFileType = sourcecode.swift; path = ListWithAction.swift; sourceTree = "<group>"; };
		2CD3D7CD28A449C8002A2178 /* ListWithTwoSections.swift */ = {isa = PBXFileReference; lastKnownFileType = sourcecode.swift; path = ListWithTwoSections.swift; sourceTree = "<group>"; };
/* End PBXFileReference section */

/* Begin PBXFrameworksBuildPhase section */
		2CBC691C289402FB0038235B /* Frameworks */ = {
			isa = PBXFrameworksBuildPhase;
			buildActionMask = 2147483647;
			files = (
			);
			runOnlyForDeploymentPostprocessing = 0;
		};
/* End PBXFrameworksBuildPhase section */

/* Begin PBXGroup section */
		2CBC6916289402FB0038235B = {
			isa = PBXGroup;
			children = (
				2CBC6921289402FB0038235B /* SwiftUI-List */,
				2CBC6920289402FB0038235B /* Products */,
			);
			sourceTree = "<group>";
		};
		2CBC6920289402FB0038235B /* Products */ = {
			isa = PBXGroup;
			children = (
				2CBC691F289402FB0038235B /* SwiftUI-List.app */,
			);
			name = Products;
			sourceTree = "<group>";
		};
		2CBC6921289402FB0038235B /* SwiftUI-List */ = {
			isa = PBXGroup;
			children = (
				2CBC6922289402FB0038235B /* SwiftUI_ListApp.swift */,
				2CBC6924289402FB0038235B /* ContentView.swift */,
				2CBC6930289403910038235B /* Static List.swift */,
				2CBC69322894124E0038235B /* DynamicListView.swift */,
				2CBC693428941FFC0038235B /* ListWithAction.swift */,
				2C470BDB2894394900098694 /* ClickOnCell.swift */,
				2C5460322896C61E00133493 /* ClickOnImageInCell.swift */,
				2C5460342896D04A00133493 /* ClickAndPassAnotherPage.swift */,
				2CBC6926289402FF0038235B /* Assets.xcassets */,
				2CBC6928289402FF0038235B /* Preview Content */,
				2CD3D7CD28A449C8002A2178 /* ListWithTwoSections.swift */,
			);
			path = "SwiftUI-List";
			sourceTree = "<group>";
		};
		2CBC6928289402FF0038235B /* Preview Content */ = {
			isa = PBXGroup;
			children = (
				2CBC6929289402FF0038235B /* Preview Assets.xcassets */,
			);
			path = "Preview Content";
			sourceTree = "<group>";
		};
/* End PBXGroup section */

/* Begin PBXNativeTarget section */
		2CBC691E289402FB0038235B /* SwiftUI-List */ = {
			isa = PBXNativeTarget;
			buildConfigurationList = 2CBC692D289402FF0038235B /* Build configuration list for PBXNativeTarget "SwiftUI-List" */;
			buildPhases = (
				2CBC691B289402FB0038235B /* Sources */,
				2CBC691C289402FB0038235B /* Frameworks */,
				2CBC691D289402FB0038235B /* Resources */,
			);
			buildRules = (
			);
			dependencies = (
			);
			name = "SwiftUI-List";
			productName = "SwiftUI-List";
			productReference = 2CBC691F289402FB0038235B /* SwiftUI-List.app */;
			productType = "com.apple.product-type.application";
		};
/* End PBXNativeTarget section */

/* Begin PBXProject section */
		2CBC6917289402FB0038235B /* Project object */ = {
			isa = PBXProject;
			attributes = {
				BuildIndependentTargetsInParallel = 1;
				LastSwiftUpdateCheck = 1340;
				LastUpgradeCheck = 1340;
				TargetAttributes = {
					2CBC691E289402FB0038235B = {
						CreatedOnToolsVersion = 13.4.1;
					};
				};
			};
			buildConfigurationList = 2CBC691A289402FB0038235B /* Build configuration list for PBXProject "SwiftUI-List" */;
			compatibilityVersion = "Xcode 13.0";
			developmentRegion = en;
			hasScannedForEncodings = 0;
			knownRegions = (
				en,
				Base,
			);
			mainGroup = 2CBC6916289402FB0038235B;
			productRefGroup = 2CBC6920289402FB0038235B /* Products */;
			projectDirPath = "";
			projectRoot = "";
			targets = (
				2CBC691E289402FB0038235B /* SwiftUI-List */,
			);
		};
/* End PBXProject section */

/* Begin PBXResourcesBuildPhase section */
		2CBC691D289402FB0038235B /* Resources */ = {
			isa = PBXResourcesBuildPhase;
			buildActionMask = 2147483647;
			files = (
				2CBC692A289402FF0038235B /* Preview Assets.xcassets in Resources */,
				2CBC6927289402FF0038235B /* Assets.xcassets in Resources */,
			);
			runOnlyForDeploymentPostprocessing = 0;
		};
/* End PBXResourcesBuildPhase section */

/* Begin PBXSourcesBuildPhase section */
		2CBC691B289402FB0038235B /* Sources */ = {
			isa = PBXSourcesBuildPhase;
			buildActionMask = 2147483647;
			files = (
				2CD3D7CE28A449C8002A2178 /* ListWithTwoSections.swift in Sources */,
				2CBC693528941FFC0038235B /* ListWithAction.swift in Sources */,
				2CBC6931289403910038235B /* Static List.swift in Sources */,
				2CBC69332894124E0038235B /* DynamicListView.swift in Sources */,
				2C470BDC2894394900098694 /* ClickOnCell.swift in Sources */,
				2C5460332896C61E00133493 /* ClickOnImageInCell.swift in Sources */,
				2CBC6925289402FB0038235B /* ContentView.swift in Sources */,
				2C5460352896D04A00133493 /* ClickAndPassAnotherPage.swift in Sources */,
				2CBC6923289402FB0038235B /* SwiftUI_ListApp.swift in Sources */,
			);
			runOnlyForDeploymentPostprocessing = 0;
		};
/* End PBXSourcesBuildPhase section */

/* Begin XCBuildConfiguration section */
		2CBC692B289402FF0038235B /* Debug */ = {
			isa = XCBuildConfiguration;
			buildSettings = {
				ALWAYS_SEARCH_USER_PATHS = NO;
				CLANG_ANALYZER_NONNULL = YES;
				CLANG_ANALYZER_NUMBER_OBJECT_CONVERSION = YES_AGGRESSIVE;
				CLANG_CXX_LANGUAGE_STANDARD = "gnu++17";
				CLANG_ENABLE_MODULES = YES;
				CLANG_ENABLE_OBJC_ARC = YES;
				CLANG_ENABLE_OBJC_WEAK = YES;
				CLANG_WARN_BLOCK_CAPTURE_AUTORELEASING = YES;
				CLANG_WARN_BOOL_CONVERSION = YES;
				CLANG_WARN_COMMA = YES;
				CLANG_WARN_CONSTANT_CONVERSION = YES;
				CLANG_WARN_DEPRECATED_OBJC_IMPLEMENTATIONS = YES;
				CLANG_WARN_DIRECT_OBJC_ISA_USAGE = YES_ERROR;
				CLANG_WARN_DOCUMENTATION_COMMENTS = YES;
				CLANG_WARN_EMPTY_BODY = YES;
				CLANG_WARN_ENUM_CONVERSION = YES;
				CLANG_WARN_INFINITE_RECURSION = YES;
				CLANG_WARN_INT_CONVERSION = YES;
				CLANG_WARN_NON_LITERAL_NULL_CONVERSION = YES;
				CLANG_WARN_OBJC_IMPLICIT_RETAIN_SELF = YES;
				CLANG_WARN_OBJC_LITERAL_CONVERSION = YES;
				CLANG_WARN_OBJC_ROOT_CLASS = YES_ERROR;
				CLANG_WARN_QUOTED_INCLUDE_IN_FRAMEWORK_HEADER = YES;
				CLANG_WARN_RANGE_LOOP_ANALYSIS = YES;
				CLANG_WARN_STRICT_PROTOTYPES = YES;
				CLANG_WARN_SUSPICIOUS_MOVE = YES;
				CLANG_WARN_UNGUARDED_AVAILABILITY = YES_AGGRESSIVE;
				CLANG_WARN_UNREACHABLE_CODE = YES;
				CLANG_WARN__DUPLICATE_METHOD_MATCH = YES;
				COPY_PHASE_STRIP = NO;
				DEBUG_INFORMATION_FORMAT = dwarf;
				ENABLE_STRICT_OBJC_MSGSEND = YES;
				ENABLE_TESTABILITY = YES;
				GCC_C_LANGUAGE_STANDARD = gnu11;
				GCC_DYNAMIC_NO_PIC = NO;
				GCC_NO_COMMON_BLOCKS = YES;
				GCC_OPTIMIZATION_LEVEL = 0;
				GCC_PREPROCESSOR_DEFINITIONS = (
					"DEBUG=1",
					"$(inherited)",
				);
				GCC_WARN_64_TO_32_BIT_CONVERSION = YES;
				GCC_WARN_ABOUT_RETURN_TYPE = YES_ERROR;
				GCC_WARN_UNDECLARED_SELECTOR = YES;
				GCC_WARN_UNINITIALIZED_AUTOS = YES_AGGRESSIVE;
				GCC_WARN_UNUSED_FUNCTION = YES;
				GCC_WARN_UNUSED_VARIABLE = YES;
				IPHONEOS_DEPLOYMENT_TARGET = 15.5;
				MTL_ENABLE_DEBUG_INFO = INCLUDE_SOURCE;
				MTL_FAST_MATH = YES;
				ONLY_ACTIVE_ARCH = YES;
				SDKROOT = iphoneos;
				SWIFT_ACTIVE_COMPILATION_CONDITIONS = DEBUG;
				SWIFT_OPTIMIZATION_LEVEL = "-Onone";
			};
			name = Debug;
		};
		2CBC692C289402FF0038235B /* Release */ = {
			isa = XCBuildConfiguration;
			buildSettings = {
				ALWAYS_SEARCH_USER_PATHS = NO;
				CLANG_ANALYZER_NONNULL = YES;
				CLANG_ANALYZER_NUMBER_OBJECT_CONVERSION = YES_AGGRESSIVE;
				CLANG_CXX_LANGUAGE_STANDARD = "gnu++17";
				CLANG_ENABLE_MODULES = YES;
				CLANG_ENABLE_OBJC_ARC = YES;
				CLANG_ENABLE_OBJC_WEAK = YES;
				CLANG_WARN_BLOCK_CAPTURE_AUTORELEASING = YES;
				CLANG_WARN_BOOL_CONVERSION = YES;
				CLANG_WARN_COMMA = YES;
				CLANG_WARN_CONSTANT_CONVERSION = YES;
				CLANG_WARN_DEPRECATED_OBJC_IMPLEMENTATIONS = YES;
				CLANG_WARN_DIRECT_OBJC_ISA_USAGE = YES_ERROR;
				CLANG_WARN_DOCUMENTATION_COMMENTS = YES;
				CLANG_WARN_EMPTY_BODY = YES;
				CLANG_WARN_ENUM_CONVERSION = YES;
				CLANG_WARN_INFINITE_RECURSION = YES;
				CLANG_WARN_INT_CONVERSION = YES;
				CLANG_WARN_NON_LITERAL_NULL_CONVERSION = YES;
				CLANG_WARN_OBJC_IMPLICIT_RETAIN_SELF = YES;
				CLANG_WARN_OBJC_LITERAL_CONVERSION = YES;
				CLANG_WARN_OBJC_ROOT_CLASS = YES_ERROR;
				CLANG_WARN_QUOTED_INCLUDE_IN_FRAMEWORK_HEADER = YES;
				CLANG_WARN_RANGE_LOOP_ANALYSIS = YES;
				CLANG_WARN_STRICT_PROTOTYPES = YES;
				CLANG_WARN_SUSPICIOUS_MOVE = YES;
				CLANG_WARN_UNGUARDED_AVAILABILITY = YES_AGGRESSIVE;
				CLANG_WARN_UNREACHABLE_CODE = YES;
				CLANG_WARN__DUPLICATE_METHOD_MATCH = YES;
				COPY_PHASE_STRIP = NO;
				DEBUG_INFORMATION_FORMAT = "dwarf-with-dsym";
				ENABLE_NS_ASSERTIONS = NO;
				ENABLE_STRICT_OBJC_MSGSEND = YES;
				GCC_C_LANGUAGE_STANDARD = gnu11;
				GCC_NO_COMMON_BLOCKS = YES;
				GCC_WARN_64_TO_32_BIT_CONVERSION = YES;
				GCC_WARN_ABOUT_RETURN_TYPE = YES_ERROR;
				GCC_WARN_UNDECLARED_SELECTOR = YES;
				GCC_WARN_UNINITIALIZED_AUTOS = YES_AGGRESSIVE;
				GCC_WARN_UNUSED_FUNCTION = YES;
				GCC_WARN_UNUSED_VARIABLE = YES;
				IPHONEOS_DEPLOYMENT_TARGET = 15.5;
				MTL_ENABLE_DEBUG_INFO = NO;
				MTL_FAST_MATH = YES;
				SDKROOT = iphoneos;
				SWIFT_COMPILATION_MODE = wholemodule;
				SWIFT_OPTIMIZATION_LEVEL = "-O";
				VALIDATE_PRODUCT = YES;
			};
			name = Release;
		};
		2CBC692E289402FF0038235B /* Debug */ = {
			isa = XCBuildConfiguration;
			buildSettings = {
				ASSETCATALOG_COMPILER_APPICON_NAME = AppIcon;
				ASSETCATALOG_COMPILER_GLOBAL_ACCENT_COLOR_NAME = AccentColor;
				CODE_SIGN_STYLE = Automatic;
				CURRENT_PROJECT_VERSION = 1;
				DEVELOPMENT_ASSET_PATHS = "\"SwiftUI-List/Preview Content\"";
				ENABLE_PREVIEWS = YES;
				GENERATE_INFOPLIST_FILE = YES;
				INFOPLIST_KEY_UIApplicationSceneManifest_Generation = YES;
				INFOPLIST_KEY_UIApplicationSupportsIndirectInputEvents = YES;
				INFOPLIST_KEY_UILaunchScreen_Generation = YES;
				INFOPLIST_KEY_UISupportedInterfaceOrientations_iPad = "UIInterfaceOrientationPortrait UIInterfaceOrientationPortraitUpsideDown UIInterfaceOrientationLandscapeLeft UIInterfaceOrientationLandscapeRight";
				INFOPLIST_KEY_UISupportedInterfaceOrientations_iPhone = "UIInterfaceOrientationPortrait UIInterfaceOrientationLandscapeLeft UIInterfaceOrientationLandscapeRight";
				LD_RUNPATH_SEARCH_PATHS = (
					"$(inherited)",
					"@executable_path/Frameworks",
				);
				MARKETING_VERSION = 1.0;
				PRODUCT_BUNDLE_IDENTIFIER = "com.ms1.SwiftUI-List";
				PRODUCT_NAME = "$(TARGET_NAME)";
				SWIFT_EMIT_LOC_STRINGS = YES;
				SWIFT_VERSION = 5.0;
				TARGETED_DEVICE_FAMILY = "1,2";
			};
			name = Debug;
		};
		2CBC692F289402FF0038235B /* Release */ = {
			isa = XCBuildConfiguration;
			buildSettings = {
				ASSETCATALOG_COMPILER_APPICON_NAME = AppIcon;
				ASSETCATALOG_COMPILER_GLOBAL_ACCENT_COLOR_NAME = AccentColor;
				CODE_SIGN_STYLE = Automatic;
				CURRENT_PROJECT_VERSION = 1;
				DEVELOPMENT_ASSET_PATHS = "\"SwiftUI-List/Preview Content\"";
				ENABLE_PREVIEWS = YES;
				GENERATE_INFOPLIST_FILE = YES;
				INFOPLIST_KEY_UIApplicationSceneManifest_Generation = YES;
				INFOPLIST_KEY_UIApplicationSupportsIndirectInputEvents = YES;
				INFOPLIST_KEY_UILaunchScreen_Generation = YES;
				INFOPLIST_KEY_UISupportedInterfaceOrientations_iPad = "UIInterfaceOrientationPortrait UIInterfaceOrientationPortraitUpsideDown UIInterfaceOrientationLandscapeLeft UIInterfaceOrientationLandscapeRight";
				INFOPLIST_KEY_UISupportedInterfaceOrientations_iPhone = "UIInterfaceOrientationPortrait UIInterfaceOrientationLandscapeLeft UIInterfaceOrientationLandscapeRight";
				LD_RUNPATH_SEARCH_PATHS = (
					"$(inherited)",
					"@executable_path/Frameworks",
				);
				MARKETING_VERSION = 1.0;
				PRODUCT_BUNDLE_IDENTIFIER = "com.ms1.SwiftUI-List";
				PRODUCT_NAME = "$(TARGET_NAME)";
				SWIFT_EMIT_LOC_STRINGS = YES;
				SWIFT_VERSION = 5.0;
				TARGETED_DEVICE_FAMILY = "1,2";
			};
			name = Release;
		};
/* End XCBuildConfiguration section */

/* Begin XCConfigurationList section */
		2CBC691A289402FB0038235B /* Build configuration list for PBXProject "SwiftUI-List" */ = {
			isa = XCConfigurationList;
			buildConfigurations = (
				2CBC692B289402FF0038235B /* Debug */,
				2CBC692C289402FF0038235B /* Release */,
			);
			defaultConfigurationIsVisible = 0;
			defaultConfigurationName = Release;
		};
		2CBC692D289402FF0038235B /* Build configuration list for PBXNativeTarget "SwiftUI-List" */ = {
			isa = XCConfigurationList;
			buildConfigurations = (
				2CBC692E289402FF0038235B /* Debug */,
				2CBC692F289402FF0038235B /* Release */,
			);
			defaultConfigurationIsVisible = 0;
			defaultConfigurationName = Release;
		};
/* End XCConfigurationList section */
	};
	rootObject = 2CBC6917289402FB0038235B /* Project object */;
}
